// !$*UTF8*$!
{
	archiveVersion = 1;
	classes = {
	};
	objectVersion = 56;
	objects = {

/* Begin PBXBuildFile section */
		F36C5C152A40A21C005ED789 /* AppDelegate.swift in Sources */ = {isa = PBXBuildFile; fileRef = F36C5C142A40A21C005ED789 /* AppDelegate.swift */; };
		F36C5C172A40A21C005ED789 /* SceneDelegate.swift in Sources */ = {isa = PBXBuildFile; fileRef = F36C5C162A40A21C005ED789 /* SceneDelegate.swift */; };
		F36C5C192A40A21C005ED789 /* ViewController.swift in Sources */ = {isa = PBXBuildFile; fileRef = F36C5C182A40A21C005ED789 /* ViewController.swift */; };
		F36C5C1C2A40A21C005ED789 /* Main.storyboard in Resources */ = {isa = PBXBuildFile; fileRef = F36C5C1A2A40A21C005ED789 /* Main.storyboard */; };
		F36C5C1F2A40A21C005ED789 /* IsPrime.xcdatamodeld in Sources */ = {isa = PBXBuildFile; fileRef = F36C5C1D2A40A21C005ED789 /* IsPrime.xcdatamodeld */; };
		F36C5C212A40A21E005ED789 /* Assets.xcassets in Resources */ = {isa = PBXBuildFile; fileRef = F36C5C202A40A21E005ED789 /* Assets.xcassets */; };
		F36C5C242A40A21E005ED789 /* LaunchScreen.storyboard in Resources */ = {isa = PBXBuildFile; fileRef = F36C5C222A40A21E005ED789 /* LaunchScreen.storyboard */; };
		F36C5C2F2A40A21E005ED789 /* IsPrimeTests.swift in Sources */ = {isa = PBXBuildFile; fileRef = F36C5C2E2A40A21E005ED789 /* IsPrimeTests.swift */; };
		F36C5C392A40A21E005ED789 /* IsPrimeUITests.swift in Sources */ = {isa = PBXBuildFile; fileRef = F36C5C382A40A21E005ED789 /* IsPrimeUITests.swift */; };
		F36C5C3B2A40A21E005ED789 /* IsPrimeUITestsLaunchTests.swift in Sources */ = {isa = PBXBuildFile; fileRef = F36C5C3A2A40A21E005ED789 /* IsPrimeUITestsLaunchTests.swift */; };
/* End PBXBuildFile section */

/* Begin PBXContainerItemProxy section */
		F36C5C2B2A40A21E005ED789 /* PBXContainerItemProxy */ = {
			isa = PBXContainerItemProxy;
			containerPortal = F36C5C092A40A21C005ED789 /* Project object */;
			proxyType = 1;
			remoteGlobalIDString = F36C5C102A40A21C005ED789;
			remoteInfo = IsPrime;
		};
		F36C5C352A40A21E005ED789 /* PBXContainerItemProxy */ = {
			isa = PBXContainerItemProxy;
			containerPortal = F36C5C092A40A21C005ED789 /* Project object */;
			proxyType = 1;
			remoteGlobalIDString = F36C5C102A40A21C005ED789;
			remoteInfo = IsPrime;
		};
/* End PBXContainerItemProxy section */

/* Begin PBXFileReference section */
		F36C5C112A40A21C005ED789 /* IsPrime.app */ = {isa = PBXFileReference; explicitFileType = wrapper.application; includeInIndex = 0; path = IsPrime.app; sourceTree = BUILT_PRODUCTS_DIR; };
		F36C5C142A40A21C005ED789 /* AppDelegate.swift */ = {isa = PBXFileReference; lastKnownFileType = sourcecode.swift; path = AppDelegate.swift; sourceTree = "<group>"; };
		F36C5C162A40A21C005ED789 /* SceneDelegate.swift */ = {isa = PBXFileReference; lastKnownFileType = sourcecode.swift; path = SceneDelegate.swift; sourceTree = "<group>"; };
		F36C5C182A40A21C005ED789 /* ViewController.swift */ = {isa = PBXFileReference; lastKnownFileType = sourcecode.swift; path = ViewController.swift; sourceTree = "<group>"; };
		F36C5C1B2A40A21C005ED789 /* Base */ = {isa = PBXFileReference; lastKnownFileType = file.storyboard; name = Base; path = Base.lproj/Main.storyboard; sourceTree = "<group>"; };
		F36C5C1E2A40A21C005ED789 /* IsPrime.xcdatamodel */ = {isa = PBXFileReference; lastKnownFileType = wrapper.xcdatamodel; path = IsPrime.xcdatamodel; sourceTree = "<group>"; };
		F36C5C202A40A21E005ED789 /* Assets.xcassets */ = {isa = PBXFileReference; lastKnownFileType = folder.assetcatalog; path = Assets.xcassets; sourceTree = "<group>"; };
		F36C5C232A40A21E005ED789 /* Base */ = {isa = PBXFileReference; lastKnownFileType = file.storyboard; name = Base; path = Base.lproj/LaunchScreen.storyboard; sourceTree = "<group>"; };
		F36C5C252A40A21E005ED789 /* Info.plist */ = {isa = PBXFileReference; lastKnownFileType = text.plist.xml; path = Info.plist; sourceTree = "<group>"; };
		F36C5C2A2A40A21E005ED789 /* IsPrimeTests.xctest */ = {isa = PBXFileReference; explicitFileType = wrapper.cfbundle; includeInIndex = 0; path = IsPrimeTests.xctest; sourceTree = BUILT_PRODUCTS_DIR; };
		F36C5C2E2A40A21E005ED789 /* IsPrimeTests.swift */ = {isa = PBXFileReference; lastKnownFileType = sourcecode.swift; path = IsPrimeTests.swift; sourceTree = "<group>"; };
		F36C5C342A40A21E005ED789 /* IsPrimeUITests.xctest */ = {isa = PBXFileReference; explicitFileType = wrapper.cfbundle; includeInIndex = 0; path = IsPrimeUITests.xctest; sourceTree = BUILT_PRODUCTS_DIR; };
		F36C5C382A40A21E005ED789 /* IsPrimeUITests.swift */ = {isa = PBXFileReference; lastKnownFileType = sourcecode.swift; path = IsPrimeUITests.swift; sourceTree = "<group>"; };
		F36C5C3A2A40A21E005ED789 /* IsPrimeUITestsLaunchTests.swift */ = {isa = PBXFileReference; lastKnownFileType = sourcecode.swift; path = IsPrimeUITestsLaunchTests.swift; sourceTree = "<group>"; };
/* End PBXFileReference section */

/* Begin PBXFrameworksBuildPhase section */
		F36C5C0E2A40A21C005ED789 /* Frameworks */ = {
			isa = PBXFrameworksBuildPhase;
			buildActionMask = 2147483647;
			files = (
			);
			runOnlyForDeploymentPostprocessing = 0;
		};
		F36C5C272A40A21E005ED789 /* Frameworks */ = {
			isa = PBXFrameworksBuildPhase;
			buildActionMask = 2147483647;
			files = (
			);
			runOnlyForDeploymentPostprocessing = 0;
		};
		F36C5C312A40A21E005ED789 /* Frameworks */ = {
			isa = PBXFrameworksBuildPhase;
			buildActionMask = 2147483647;
			files = (
			);
			runOnlyForDeploymentPostprocessing = 0;
		};
/* End PBXFrameworksBuildPhase section */

/* Begin PBXGroup section */
		F36C5C082A40A21C005ED789 = {
			isa = PBXGroup;
			children = (
				F36C5C132A40A21C005ED789 /* IsPrime */,
				F36C5C2D2A40A21E005ED789 /* IsPrimeTests */,
				F36C5C372A40A21E005ED789 /* IsPrimeUITests */,
				F36C5C122A40A21C005ED789 /* Products */,
			);
			sourceTree = "<group>";
		};
		F36C5C122A40A21C005ED789 /* Products */ = {
			isa = PBXGroup;
			children = (
				F36C5C112A40A21C005ED789 /* IsPrime.app */,
				F36C5C2A2A40A21E005ED789 /* IsPrimeTests.xctest */,
				F36C5C342A40A21E005ED789 /* IsPrimeUITests.xctest */,
			);
			name = Products;
			sourceTree = "<group>";
		};
		F36C5C132A40A21C005ED789 /* IsPrime */ = {
			isa = PBXGroup;
			children = (
				F36C5C142A40A21C005ED789 /* AppDelegate.swift */,
				F36C5C162A40A21C005ED789 /* SceneDelegate.swift */,
				F36C5C182A40A21C005ED789 /* ViewController.swift */,
				F36C5C1A2A40A21C005ED789 /* Main.storyboard */,
				F36C5C202A40A21E005ED789 /* Assets.xcassets */,
				F36C5C222A40A21E005ED789 /* LaunchScreen.storyboard */,
				F36C5C252A40A21E005ED789 /* Info.plist */,
				F36C5C1D2A40A21C005ED789 /* IsPrime.xcdatamodeld */,
			);
			path = IsPrime;
			sourceTree = "<group>";
		};
		F36C5C2D2A40A21E005ED789 /* IsPrimeTests */ = {
			isa = PBXGroup;
			children = (
				F36C5C2E2A40A21E005ED789 /* IsPrimeTests.swift */,
			);
			path = IsPrimeTests;
			sourceTree = "<group>";
		};
		F36C5C372A40A21E005ED789 /* IsPrimeUITests */ = {
			isa = PBXGroup;
			children = (
				F36C5C382A40A21E005ED789 /* IsPrimeUITests.swift */,
				F36C5C3A2A40A21E005ED789 /* IsPrimeUITestsLaunchTests.swift */,
			);
			path = IsPrimeUITests;
			sourceTree = "<group>";
		};
/* End PBXGroup section */

/* Begin PBXNativeTarget section */
		F36C5C102A40A21C005ED789 /* IsPrime */ = {
			isa = PBXNativeTarget;
			buildConfigurationList = F36C5C3E2A40A21E005ED789 /* Build configuration list for PBXNativeTarget "IsPrime" */;
			buildPhases = (
				F36C5C0D2A40A21C005ED789 /* Sources */,
				F36C5C0E2A40A21C005ED789 /* Frameworks */,
				F36C5C0F2A40A21C005ED789 /* Resources */,
			);
			buildRules = (
			);
			dependencies = (
			);
			name = IsPrime;
			productName = IsPrime;
			productReference = F36C5C112A40A21C005ED789 /* IsPrime.app */;
			productType = "com.apple.product-type.application";
		};
		F36C5C292A40A21E005ED789 /* IsPrimeTests */ = {
			isa = PBXNativeTarget;
			buildConfigurationList = F36C5C412A40A21E005ED789 /* Build configuration list for PBXNativeTarget "IsPrimeTests" */;
			buildPhases = (
				F36C5C262A40A21E005ED789 /* Sources */,
				F36C5C272A40A21E005ED789 /* Frameworks */,
				F36C5C282A40A21E005ED789 /* Resources */,
			);
			buildRules = (
			);
			dependencies = (
				F36C5C2C2A40A21E005ED789 /* PBXTargetDependency */,
			);
			name = IsPrimeTests;
			productName = IsPrimeTests;
			productReference = F36C5C2A2A40A21E005ED789 /* IsPrimeTests.xctest */;
			productType = "com.apple.product-type.bundle.unit-test";
		};
		F36C5C332A40A21E005ED789 /* IsPrimeUITests */ = {
			isa = PBXNativeTarget;
			buildConfigurationList = F36C5C442A40A21E005ED789 /* Build configuration list for PBXNativeTarget "IsPrimeUITests" */;
			buildPhases = (
				F36C5C302A40A21E005ED789 /* Sources */,
				F36C5C312A40A21E005ED789 /* Frameworks */,
				F36C5C322A40A21E005ED789 /* Resources */,
			);
			buildRules = (
			);
			dependencies = (
				F36C5C362A40A21E005ED789 /* PBXTargetDependency */,
			);
			name = IsPrimeUITests;
			productName = IsPrimeUITests;
			productReference = F36C5C342A40A21E005ED789 /* IsPrimeUITests.xctest */;
			productType = "com.apple.product-type.bundle.ui-testing";
		};
/* End PBXNativeTarget section */

/* Begin PBXProject section */
		F36C5C092A40A21C005ED789 /* Project object */ = {
			isa = PBXProject;
			attributes = {
				BuildIndependentTargetsInParallel = 1;
				LastSwiftUpdateCheck = 1430;
				LastUpgradeCheck = 1430;
				TargetAttributes = {
					F36C5C102A40A21C005ED789 = {
						CreatedOnToolsVersion = 14.3;
					};
					F36C5C292A40A21E005ED789 = {
						CreatedOnToolsVersion = 14.3;
						TestTargetID = F36C5C102A40A21C005ED789;
					};
					F36C5C332A40A21E005ED789 = {
						CreatedOnToolsVersion = 14.3;
						TestTargetID = F36C5C102A40A21C005ED789;
					};
				};
			};
			buildConfigurationList = F36C5C0C2A40A21C005ED789 /* Build configuration list for PBXProject "IsPrime" */;
			compatibilityVersion = "Xcode 14.0";
			developmentRegion = en;
			hasScannedForEncodings = 0;
			knownRegions = (
				en,
				Base,
			);
			mainGroup = F36C5C082A40A21C005ED789;
			productRefGroup = F36C5C122A40A21C005ED789 /* Products */;
			projectDirPath = "";
			projectRoot = "";
			targets = (
				F36C5C102A40A21C005ED789 /* IsPrime */,
				F36C5C292A40A21E005ED789 /* IsPrimeTests */,
				F36C5C332A40A21E005ED789 /* IsPrimeUITests */,
			);
		};
/* End PBXProject section */

/* Begin PBXResourcesBuildPhase section */
		F36C5C0F2A40A21C005ED789 /* Resources */ = {
			isa = PBXResourcesBuildPhase;
			buildActionMask = 2147483647;
			files = (
				F36C5C242A40A21E005ED789 /* LaunchScreen.storyboard in Resources */,
				F36C5C212A40A21E005ED789 /* Assets.xcassets in Resources */,
				F36C5C1C2A40A21C005ED789 /* Main.storyboard in Resources */,
			);
			runOnlyForDeploymentPostprocessing = 0;
		};
		F36C5C282A40A21E005ED789 /* Resources */ = {
			isa = PBXResourcesBuildPhase;
			buildActionMask = 2147483647;
			files = (
			);
			runOnlyForDeploymentPostprocessing = 0;
		};
		F36C5C322A40A21E005ED789 /* Resources */ = {
			isa = PBXResourcesBuildPhase;
			buildActionMask = 2147483647;
			files = (
			);
			runOnlyForDeploymentPostprocessing = 0;
		};
/* End PBXResourcesBuildPhase section */

/* Begin PBXSourcesBuildPhase section */
		F36C5C0D2A40A21C005ED789 /* Sources */ = {
			isa = PBXSourcesBuildPhase;
			buildActionMask = 2147483647;
			files = (
				F36C5C192A40A21C005ED789 /* ViewController.swift in Sources */,
				F36C5C1F2A40A21C005ED789 /* IsPrime.xcdatamodeld in Sources */,
				F36C5C152A40A21C005ED789 /* AppDelegate.swift in Sources */,
				F36C5C172A40A21C005ED789 /* SceneDelegate.swift in Sources */,
			);
			runOnlyForDeploymentPostprocessing = 0;
		};
		F36C5C262A40A21E005ED789 /* Sources */ = {
			isa = PBXSourcesBuildPhase;
			buildActionMask = 2147483647;
			files = (
				F36C5C2F2A40A21E005ED789 /* IsPrimeTests.swift in Sources */,
			);
			runOnlyForDeploymentPostprocessing = 0;
		};
		F36C5C302A40A21E005ED789 /* Sources */ = {
			isa = PBXSourcesBuildPhase;
			buildActionMask = 2147483647;
			files = (
				F36C5C3B2A40A21E005ED789 /* IsPrimeUITestsLaunchTests.swift in Sources */,
				F36C5C392A40A21E005ED789 /* IsPrimeUITests.swift in Sources */,
			);
			runOnlyForDeploymentPostprocessing = 0;
		};
/* End PBXSourcesBuildPhase section */

/* Begin PBXTargetDependency section */
		F36C5C2C2A40A21E005ED789 /* PBXTargetDependency */ = {
			isa = PBXTargetDependency;
			target = F36C5C102A40A21C005ED789 /* IsPrime */;
			targetProxy = F36C5C2B2A40A21E005ED789 /* PBXContainerItemProxy */;
		};
		F36C5C362A40A21E005ED789 /* PBXTargetDependency */ = {
			isa = PBXTargetDependency;
			target = F36C5C102A40A21C005ED789 /* IsPrime */;
			targetProxy = F36C5C352A40A21E005ED789 /* PBXContainerItemProxy */;
		};
/* End PBXTargetDependency section */

/* Begin PBXVariantGroup section */
		F36C5C1A2A40A21C005ED789 /* Main.storyboard */ = {
			isa = PBXVariantGroup;
			children = (
				F36C5C1B2A40A21C005ED789 /* Base */,
			);
			name = Main.storyboard;
			sourceTree = "<group>";
		};
		F36C5C222A40A21E005ED789 /* LaunchScreen.storyboard */ = {
			isa = PBXVariantGroup;
			children = (
				F36C5C232A40A21E005ED789 /* Base */,
			);
			name = LaunchScreen.storyboard;
			sourceTree = "<group>";
		};
/* End PBXVariantGroup section */

/* Begin XCBuildConfiguration section */
		F36C5C3C2A40A21E005ED789 /* Debug */ = {
			isa = XCBuildConfiguration;
			buildSettings = {
				ALWAYS_SEARCH_USER_PATHS = NO;
				CLANG_ANALYZER_NONNULL = YES;
				CLANG_ANALYZER_NUMBER_OBJECT_CONVERSION = YES_AGGRESSIVE;
				CLANG_CXX_LANGUAGE_STANDARD = "gnu++20";
				CLANG_ENABLE_MODULES = YES;
				CLANG_ENABLE_OBJC_ARC = YES;
				CLANG_ENABLE_OBJC_WEAK = YES;
				CLANG_WARN_BLOCK_CAPTURE_AUTORELEASING = YES;
				CLANG_WARN_BOOL_CONVERSION = YES;
				CLANG_WARN_COMMA = YES;
				CLANG_WARN_CONSTANT_CONVERSION = YES;
				CLANG_WARN_DEPRECATED_OBJC_IMPLEMENTATIONS = YES;
				CLANG_WARN_DIRECT_OBJC_ISA_USAGE = YES_ERROR;
				CLANG_WARN_DOCUMENTATION_COMMENTS = YES;
				CLANG_WARN_EMPTY_BODY = YES;
				CLANG_WARN_ENUM_CONVERSION = YES;
				CLANG_WARN_INFINITE_RECURSION = YES;
				CLANG_WARN_INT_CONVERSION = YES;
				CLANG_WARN_NON_LITERAL_NULL_CONVERSION = YES;
				CLANG_WARN_OBJC_IMPLICIT_RETAIN_SELF = YES;
				CLANG_WARN_OBJC_LITERAL_CONVERSION = YES;
				CLANG_WARN_OBJC_ROOT_CLASS = YES_ERROR;
				CLANG_WARN_QUOTED_INCLUDE_IN_FRAMEWORK_HEADER = YES;
				CLANG_WARN_RANGE_LOOP_ANALYSIS = YES;
				CLANG_WARN_STRICT_PROTOTYPES = YES;
				CLANG_WARN_SUSPICIOUS_MOVE = YES;
				CLANG_WARN_UNGUARDED_AVAILABILITY = YES_AGGRESSIVE;
				CLANG_WARN_UNREACHABLE_CODE = YES;
				CLANG_WARN__DUPLICATE_METHOD_MATCH = YES;
				COPY_PHASE_STRIP = NO;
				DEBUG_INFORMATION_FORMAT = dwarf;
				ENABLE_STRICT_OBJC_MSGSEND = YES;
				ENABLE_TESTABILITY = YES;
				GCC_C_LANGUAGE_STANDARD = gnu11;
				GCC_DYNAMIC_NO_PIC = NO;
				GCC_NO_COMMON_BLOCKS = YES;
				GCC_OPTIMIZATION_LEVEL = 0;
				GCC_PREPROCESSOR_DEFINITIONS = (
					"DEBUG=1",
					"$(inherited)",
				);
				GCC_WARN_64_TO_32_BIT_CONVERSION = YES;
				GCC_WARN_ABOUT_RETURN_TYPE = YES_ERROR;
				GCC_WARN_UNDECLARED_SELECTOR = YES;
				GCC_WARN_UNINITIALIZED_AUTOS = YES_AGGRESSIVE;
				GCC_WARN_UNUSED_FUNCTION = YES;
				GCC_WARN_UNUSED_VARIABLE = YES;
				IPHONEOS_DEPLOYMENT_TARGET = 16.4;
				MTL_ENABLE_DEBUG_INFO = INCLUDE_SOURCE;
				MTL_FAST_MATH = YES;
				ONLY_ACTIVE_ARCH = YES;
				SDKROOT = iphoneos;
				SWIFT_ACTIVE_COMPILATION_CONDITIONS = DEBUG;
				SWIFT_OPTIMIZATION_LEVEL = "-Onone";
			};
			name = Debug;
		};
		F36C5C3D2A40A21E005ED789 /* Release */ = {
			isa = XCBuildConfiguration;
			buildSettings = {
				ALWAYS_SEARCH_USER_PATHS = NO;
				CLANG_ANALYZER_NONNULL = YES;
				CLANG_ANALYZER_NUMBER_OBJECT_CONVERSION = YES_AGGRESSIVE;
				CLANG_CXX_LANGUAGE_STANDARD = "gnu++20";
				CLANG_ENABLE_MODULES = YES;
				CLANG_ENABLE_OBJC_ARC = YES;
				CLANG_ENABLE_OBJC_WEAK = YES;
				CLANG_WARN_BLOCK_CAPTURE_AUTORELEASING = YES;
				CLANG_WARN_BOOL_CONVERSION = YES;
				CLANG_WARN_COMMA = YES;
				CLANG_WARN_CONSTANT_CONVERSION = YES;
				CLANG_WARN_DEPRECATED_OBJC_IMPLEMENTATIONS = YES;
				CLANG_WARN_DIRECT_OBJC_ISA_USAGE = YES_ERROR;
				CLANG_WARN_DOCUMENTATION_COMMENTS = YES;
				CLANG_WARN_EMPTY_BODY = YES;
				CLANG_WARN_ENUM_CONVERSION = YES;
				CLANG_WARN_INFINITE_RECURSION = YES;
				CLANG_WARN_INT_CONVERSION = YES;
				CLANG_WARN_NON_LITERAL_NULL_CONVERSION = YES;
				CLANG_WARN_OBJC_IMPLICIT_RETAIN_SELF = YES;
				CLANG_WARN_OBJC_LITERAL_CONVERSION = YES;
				CLANG_WARN_OBJC_ROOT_CLASS = YES_ERROR;
				CLANG_WARN_QUOTED_INCLUDE_IN_FRAMEWORK_HEADER = YES;
				CLANG_WARN_RANGE_LOOP_ANALYSIS = YES;
				CLANG_WARN_STRICT_PROTOTYPES = YES;
				CLANG_WARN_SUSPICIOUS_MOVE = YES;
				CLANG_WARN_UNGUARDED_AVAILABILITY = YES_AGGRESSIVE;
				CLANG_WARN_UNREACHABLE_CODE = YES;
				CLANG_WARN__DUPLICATE_METHOD_MATCH = YES;
				COPY_PHASE_STRIP = NO;
				DEBUG_INFORMATION_FORMAT = "dwarf-with-dsym";
				ENABLE_NS_ASSERTIONS = NO;
				ENABLE_STRICT_OBJC_MSGSEND = YES;
				GCC_C_LANGUAGE_STANDARD = gnu11;
				GCC_NO_COMMON_BLOCKS = YES;
				GCC_WARN_64_TO_32_BIT_CONVERSION = YES;
				GCC_WARN_ABOUT_RETURN_TYPE = YES_ERROR;
				GCC_WARN_UNDECLARED_SELECTOR = YES;
				GCC_WARN_UNINITIALIZED_AUTOS = YES_AGGRESSIVE;
				GCC_WARN_UNUSED_FUNCTION = YES;
				GCC_WARN_UNUSED_VARIABLE = YES;
				IPHONEOS_DEPLOYMENT_TARGET = 16.4;
				MTL_ENABLE_DEBUG_INFO = NO;
				MTL_FAST_MATH = YES;
				SDKROOT = iphoneos;
				SWIFT_COMPILATION_MODE = wholemodule;
				SWIFT_OPTIMIZATION_LEVEL = "-O";
				VALIDATE_PRODUCT = YES;
			};
			name = Release;
		};
		F36C5C3F2A40A21E005ED789 /* Debug */ = {
			isa = XCBuildConfiguration;
			buildSettings = {
				ASSETCATALOG_COMPILER_APPICON_NAME = AppIcon;
				ASSETCATALOG_COMPILER_GLOBAL_ACCENT_COLOR_NAME = AccentColor;
				CODE_SIGN_STYLE = Automatic;
				CURRENT_PROJECT_VERSION = 1;
				GENERATE_INFOPLIST_FILE = YES;
				INFOPLIST_FILE = IsPrime/Info.plist;
				INFOPLIST_KEY_UIApplicationSupportsIndirectInputEvents = YES;
				INFOPLIST_KEY_UILaunchStoryboardName = LaunchScreen;
				INFOPLIST_KEY_UIMainStoryboardFile = Main;
				INFOPLIST_KEY_UISupportedInterfaceOrientations_iPad = "UIInterfaceOrientationPortrait UIInterfaceOrientationPortraitUpsideDown UIInterfaceOrientationLandscapeLeft UIInterfaceOrientationLandscapeRight";
				INFOPLIST_KEY_UISupportedInterfaceOrientations_iPhone = "UIInterfaceOrientationPortrait UIInterfaceOrientationLandscapeLeft UIInterfaceOrientationLandscapeRight";
				LD_RUNPATH_SEARCH_PATHS = (
					"$(inherited)",
					"@executable_path/Frameworks",
				);
				MARKETING_VERSION = 1.0;
				PRODUCT_BUNDLE_IDENTIFIER = ramo.IsPrime;
				PRODUCT_NAME = "$(TARGET_NAME)";
				SWIFT_EMIT_LOC_STRINGS = YES;
				SWIFT_VERSION = 5.0;
				TARGETED_DEVICE_FAMILY = "1,2";
			};
			name = Debug;
		};
		F36C5C402A40A21E005ED789 /* Release */ = {
			isa = XCBuildConfiguration;
			buildSettings = {
				ASSETCATALOG_COMPILER_APPICON_NAME = AppIcon;
				ASSETCATALOG_COMPILER_GLOBAL_ACCENT_COLOR_NAME = AccentColor;
				CODE_SIGN_STYLE = Automatic;
				CURRENT_PROJECT_VERSION = 1;
				GENERATE_INFOPLIST_FILE = YES;
				INFOPLIST_FILE = IsPrime/Info.plist;
				INFOPLIST_KEY_UIApplicationSupportsIndirectInputEvents = YES;
				INFOPLIST_KEY_UILaunchStoryboardName = LaunchScreen;
				INFOPLIST_KEY_UIMainStoryboardFile = Main;
				INFOPLIST_KEY_UISupportedInterfaceOrientations_iPad = "UIInterfaceOrientationPortrait UIInterfaceOrientationPortraitUpsideDown UIInterfaceOrientationLandscapeLeft UIInterfaceOrientationLandscapeRight";
				INFOPLIST_KEY_UISupportedInterfaceOrientations_iPhone = "UIInterfaceOrientationPortrait UIInterfaceOrientationLandscapeLeft UIInterfaceOrientationLandscapeRight";
				LD_RUNPATH_SEARCH_PATHS = (
					"$(inherited)",
					"@executable_path/Frameworks",
				);
				MARKETING_VERSION = 1.0;
				PRODUCT_BUNDLE_IDENTIFIER = ramo.IsPrime;
				PRODUCT_NAME = "$(TARGET_NAME)";
				SWIFT_EMIT_LOC_STRINGS = YES;
				SWIFT_VERSION = 5.0;
				TARGETED_DEVICE_FAMILY = "1,2";
			};
			name = Release;
		};
		F36C5C422A40A21E005ED789 /* Debug */ = {
			isa = XCBuildConfiguration;
			buildSettings = {
				ALWAYS_EMBED_SWIFT_STANDARD_LIBRARIES = YES;
				BUNDLE_LOADER = "$(TEST_HOST)";
				CODE_SIGN_STYLE = Automatic;
				CURRENT_PROJECT_VERSION = 1;
				GENERATE_INFOPLIST_FILE = YES;
				IPHONEOS_DEPLOYMENT_TARGET = 16.4;
				MARKETING_VERSION = 1.0;
				PRODUCT_BUNDLE_IDENTIFIER = ramo.IsPrimeTests;
				PRODUCT_NAME = "$(TARGET_NAME)";
				SWIFT_EMIT_LOC_STRINGS = NO;
				SWIFT_VERSION = 5.0;
				TARGETED_DEVICE_FAMILY = "1,2";
				TEST_HOST = "$(BUILT_PRODUCTS_DIR)/IsPrime.app/$(BUNDLE_EXECUTABLE_FOLDER_PATH)/IsPrime";
			};
			name = Debug;
		};
		F36C5C432A40A21E005ED789 /* Release */ = {
			isa = XCBuildConfiguration;
			buildSettings = {
				ALWAYS_EMBED_SWIFT_STANDARD_LIBRARIES = YES;
				BUNDLE_LOADER = "$(TEST_HOST)";
				CODE_SIGN_STYLE = Automatic;
				CURRENT_PROJECT_VERSION = 1;
				GENERATE_INFOPLIST_FILE = YES;
				IPHONEOS_DEPLOYMENT_TARGET = 16.4;
				MARKETING_VERSION = 1.0;
				PRODUCT_BUNDLE_IDENTIFIER = ramo.IsPrimeTests;
				PRODUCT_NAME = "$(TARGET_NAME)";
				SWIFT_EMIT_LOC_STRINGS = NO;
				SWIFT_VERSION = 5.0;
				TARGETED_DEVICE_FAMILY = "1,2";
				TEST_HOST = "$(BUILT_PRODUCTS_DIR)/IsPrime.app/$(BUNDLE_EXECUTABLE_FOLDER_PATH)/IsPrime";
			};
			name = Release;
		};
		F36C5C452A40A21E005ED789 /* Debug */ = {
			isa = XCBuildConfiguration;
			buildSettings = {
				ALWAYS_EMBED_SWIFT_STANDARD_LIBRARIES = YES;
				CODE_SIGN_STYLE = Automatic;
				CURRENT_PROJECT_VERSION = 1;
				GENERATE_INFOPLIST_FILE = YES;
				MARKETING_VERSION = 1.0;
				PRODUCT_BUNDLE_IDENTIFIER = ramo.IsPrimeUITests;
				PRODUCT_NAME = "$(TARGET_NAME)";
				SWIFT_EMIT_LOC_STRINGS = NO;
				SWIFT_VERSION = 5.0;
				TARGETED_DEVICE_FAMILY = "1,2";
				TEST_TARGET_NAME = IsPrime;
			};
			name = Debug;
		};
		F36C5C462A40A21E005ED789 /* Release */ = {
			isa = XCBuildConfiguration;
			buildSettings = {
				ALWAYS_EMBED_SWIFT_STANDARD_LIBRARIES = YES;
				CODE_SIGN_STYLE = Automatic;
				CURRENT_PROJECT_VERSION = 1;
				GENERATE_INFOPLIST_FILE = YES;
				MARKETING_VERSION = 1.0;
				PRODUCT_BUNDLE_IDENTIFIER = ramo.IsPrimeUITests;
				PRODUCT_NAME = "$(TARGET_NAME)";
				SWIFT_EMIT_LOC_STRINGS = NO;
				SWIFT_VERSION = 5.0;
				TARGETED_DEVICE_FAMILY = "1,2";
				TEST_TARGET_NAME = IsPrime;
			};
			name = Release;
		};
/* End XCBuildConfiguration section */

/* Begin XCConfigurationList section */
		F36C5C0C2A40A21C005ED789 /* Build configuration list for PBXProject "IsPrime" */ = {
			isa = XCConfigurationList;
			buildConfigurations = (
				F36C5C3C2A40A21E005ED789 /* Debug */,
				F36C5C3D2A40A21E005ED789 /* Release */,
			);
			defaultConfigurationIsVisible = 0;
			defaultConfigurationName = Release;
		};
		F36C5C3E2A40A21E005ED789 /* Build configuration list for PBXNativeTarget "IsPrime" */ = {
			isa = XCConfigurationList;
			buildConfigurations = (
				F36C5C3F2A40A21E005ED789 /* Debug */,
				F36C5C402A40A21E005ED789 /* Release */,
			);
			defaultConfigurationIsVisible = 0;
			defaultConfigurationName = Release;
		};
		F36C5C412A40A21E005ED789 /* Build configuration list for PBXNativeTarget "IsPrimeTests" */ = {
			isa = XCConfigurationList;
			buildConfigurations = (
				F36C5C422A40A21E005ED789 /* Debug */,
				F36C5C432A40A21E005ED789 /* Release */,
			);
			defaultConfigurationIsVisible = 0;
			defaultConfigurationName = Release;
		};
		F36C5C442A40A21E005ED789 /* Build configuration list for PBXNativeTarget "IsPrimeUITests" */ = {
			isa = XCConfigurationList;
			buildConfigurations = (
				F36C5C452A40A21E005ED789 /* Debug */,
				F36C5C462A40A21E005ED789 /* Release */,
			);
			defaultConfigurationIsVisible = 0;
			defaultConfigurationName = Release;
		};
/* End XCConfigurationList section */

/* Begin XCVersionGroup section */
		F36C5C1D2A40A21C005ED789 /* IsPrime.xcdatamodeld */ = {
			isa = XCVersionGroup;
			children = (
				F36C5C1E2A40A21C005ED789 /* IsPrime.xcdatamodel */,
			);
			currentVersion = F36C5C1E2A40A21C005ED789 /* IsPrime.xcdatamodel */;
			path = IsPrime.xcdatamodeld;
			sourceTree = "<group>";
			versionGroupType = wrapper.xcdatamodel;
		};
/* End XCVersionGroup section */
	};
	rootObject = F36C5C092A40A21C005ED789 /* Project object */;
}
